
Microsoft Visual Studio Solution File, Format Version 12.00
# Visual Studio 15
VisualStudioVersion = 15.0.28307.705
MinimumVisualStudioVersion = 10.0.40219.1
Project("{FAE04EC0-301F-11D3-BF4B-00C04F79EFBC}") = "TestRabbitMQ.Web.ClientService", "TestRabbitMQ.Web.ClientService\TestRabbitMQ.Web.ClientService.csproj", "{8EC96683-69EC-4B39-9C3B-64F6DDE75838}"
EndProject
Project("{FAE04EC0-301F-11D3-BF4B-00C04F79EFBC}") = "TestRabbitMQ.Web.Messages", "TestRabbitMQ.Web.Messages\TestRabbitMQ.Web.Messages.csproj", "{572A7E01-3BFD-4C67-B0E3-5AFA3C535E18}"
EndProject
Project("{FAE04EC0-301F-11D3-BF4B-00C04F79EFBC}") = "TestRabbitMQ.Web.ProductService", "TestRabbitMQ.Web.ProductService\TestRabbitMQ.Web.ProductService.csproj", "{567B8AE4-47B6-4839-A468-E6DC1730270E}"
EndProject
Global
	GlobalSection(SolutionConfigurationPlatforms) = preSolution
		Debug|Any CPU = Debug|Any CPU
		Release|Any CPU = Release|Any CPU
	EndGlobalSection
	GlobalSection(ProjectConfigurationPlatforms) = postSolution
		{8EC96683-69EC-4B39-9C3B-64F6DDE75838}.Debug|Any CPU.ActiveCfg = Debug|Any CPU
		{8EC96683-69EC-4B39-9C3B-64F6DDE75838}.Debug|Any CPU.Build.0 = Debug|Any CPU
		{8EC96683-69EC-4B39-9C3B-64F6DDE75838}.Release|Any CPU.ActiveCfg = Release|Any CPU
		{8EC96683-69EC-4B39-9C3B-64F6DDE75838}.Release|Any CPU.Build.0 = Release|Any CPU
		{572A7E01-3BFD-4C67-B0E3-5AFA3C535E18}.Debug|Any CPU.ActiveCfg = Debug|Any CPU
		{572A7E01-3BFD-4C67-B0E3-5AFA3C535E18}.Debug|Any CPU.Build.0 = Debug|Any CPU
		{572A7E01-3BFD-4C67-B0E3-5AFA3C535E18}.Release|Any CPU.ActiveCfg = Release|Any CPU
		{572A7E01-3BFD-4C67-B0E3-5AFA3C535E18}.Release|Any CPU.Build.0 = Release|Any CPU
		{567B8AE4-47B6-4839-A468-E6DC1730270E}.Debug|Any CPU.ActiveCfg = Debug|Any CPU
		{567B8AE4-47B6-4839-A468-E6DC1730270E}.Debug|Any CPU.Build.0 = Debug|Any CPU
		{567B8AE4-47B6-4839-A468-E6DC1730270E}.Release|Any CPU.ActiveCfg = Release|Any CPU
		{567B8AE4-47B6-4839-A468-E6DC1730270E}.Release|Any CPU.Build.0 = Release|Any CPU
	EndGlobalSection
	GlobalSection(SolutionProperties) = preSolution
		HideSolutionNode = FALSE
	EndGlobalSection
	GlobalSection(ExtensibilityGlobals) = postSolution
		SolutionGuid = {5C28DF3E-3967-41E5-8FC9-FC9623704ABF}
	EndGlobalSection
EndGlobal
